
Microsoft Visual Studio Solution File, Format Version 12.00
# Visual Studio Version 16
VisualStudioVersion = 16.0.31025.194
MinimumVisualStudioVersion = 10.0.40219.1
Project("{FAE04EC0-301F-11D3-BF4B-00C04F79EFBC}") = "Dina's_Calculator", "Dina's_Calculator.csproj", "{237FD2CA-C1BD-4CDE-94FA-272594EBAD67}"
EndProject
Global
	GlobalSection(SolutionConfigurationPlatforms) = preSolution
		Debug|Any CPU = Debug|Any CPU
		Release|Any CPU = Release|Any CPU
	EndGlobalSection
	GlobalSection(ProjectConfigurationPlatforms) = postSolution
		{237FD2CA-C1BD-4CDE-94FA-272594EBAD67}.Debug|Any CPU.ActiveCfg = Debug|Any CPU
		{237FD2CA-C1BD-4CDE-94FA-272594EBAD67}.Debug|Any CPU.Build.0 = Debug|Any CPU
		{237FD2CA-C1BD-4CDE-94FA-272594EBAD67}.Release|Any CPU.ActiveCfg = Release|Any CPU
		{237FD2CA-C1BD-4CDE-94FA-272594EBAD67}.Release|Any CPU.Build.0 = Release|Any CPU
	EndGlobalSection
	GlobalSection(SolutionProperties) = preSolution
		HideSolutionNode = FALSE
	EndGlobalSection
	GlobalSection(ExtensibilityGlobals) = postSolution
		SolutionGuid = {447D7275-AB69-4061-82F6-5B18667D4300}
	EndGlobalSection
EndGlobal
